
Microsoft Visual Studio Solution File, Format Version 12.00
# Visual Studio Version 17
VisualStudioVersion = 17.5.33424.131
MinimumVisualStudioVersion = 10.0.40219.1
Project("{2150E333-8FDC-42A3-9474-1A3956D46DE8}") = "Services", "Services", "{FCE6ED84-8767-48AB-97E4-602C0BB9DE3C}"
EndProject
Project("{2150E333-8FDC-42A3-9474-1A3956D46DE8}") = "Catalog", "Catalog", "{0CA39DBF-1C4D-4338-AB4B-AF30FFD1794B}"
EndProject
Project("{9A19103F-16F7-4668-BE54-9A1E7A4F7556}") = "Catalog.API", "Services\Catalog\Catalog.API\Catalog.API.csproj", "{A369EE53-ADAA-4CDB-9ED7-D1DFDBDC6048}"
EndProject
Project("{E53339B2-1760-4266-BCC7-CA923CBCF16C}") = "docker-compose", "docker-compose.dcproj", "{9777699C-C3CF-44EC-89A9-2FE6E1B2C451}"
EndProject
Project("{2150E333-8FDC-42A3-9474-1A3956D46DE8}") = "Basket", "Basket", "{95C268A4-206C-42D6-9522-5BB4C4E1BCBE}"
EndProject
Project("{9A19103F-16F7-4668-BE54-9A1E7A4F7556}") = "Basket.API", "Services\Basket\Basket.API\Basket.API.csproj", "{39892618-1D71-4F38-9502-1E29DC8BBDC0}"
EndProject
Project("{2150E333-8FDC-42A3-9474-1A3956D46DE8}") = "Discount", "Discount", "{4EAB6BB1-0F39-414C-A187-FCB63B1545F4}"
EndProject
Project("{9A19103F-16F7-4668-BE54-9A1E7A4F7556}") = "Discount.API", "Services\Discount\Discount.API\Discount.API.csproj", "{2F285735-1526-4DFC-9EA8-7423247059FB}"
EndProject
Project("{9A19103F-16F7-4668-BE54-9A1E7A4F7556}") = "Discount.Grpc", "Services\Discount\Discount.Grpc\Discount.Grpc.csproj", "{C87B3E2C-297E-41EE-859D-95CBE66A25FA}"
EndProject
Project("{2150E333-8FDC-42A3-9474-1A3956D46DE8}") = "Ordering", "Ordering", "{7F29A04C-7C21-4F7F-BD1F-0EADB90D08BD}"
EndProject
Project("{9A19103F-16F7-4668-BE54-9A1E7A4F7556}") = "Ordering.API", "Services\Ordering\Ordering.API\Ordering.API.csproj", "{D6064C5F-A355-46D4-8B93-3956217A8B64}"
EndProject
Project("{9A19103F-16F7-4668-BE54-9A1E7A4F7556}") = "Ordering.Application", "Services\Ordering\Ordering.Application\Ordering.Application.csproj", "{3CC572F6-0015-4A46-ADBA-72B834CBF025}"
EndProject
Project("{9A19103F-16F7-4668-BE54-9A1E7A4F7556}") = "Ordering.Infrastructure", "Services\Ordering\Ordering.Infrastructure\Ordering.Infrastructure.csproj", "{A718CA10-B253-4751-841C-104B63AD8180}"
EndProject
Project("{9A19103F-16F7-4668-BE54-9A1E7A4F7556}") = "Ordering.Domain", "Services\Ordering\Ordering.Domain\Ordering.Domain.csproj", "{12AEAB1D-636E-4844-B999-B0EAA612D352}"
EndProject
Project("{2150E333-8FDC-42A3-9474-1A3956D46DE8}") = "BuildingBlocks", "BuildingBlocks", "{1BF389A7-C192-45C3-9A8E-53F70A44550C}"
EndProject
Project("{9A19103F-16F7-4668-BE54-9A1E7A4F7556}") = "EventBus.Messages", "BuildingBlocks\EventBus.Messages\EventBus.Messages.csproj", "{AEEF6591-7394-4F90-9AD0-945AF0880321}"
EndProject
Project("{9A19103F-16F7-4668-BE54-9A1E7A4F7556}") = "Common.Logging", "BuildingBlocks\Common.Logging\Common.Logging.csproj", "{CB13BBC6-EFBE-4AF6-BB71-A05D3299CE2C}"
EndProject
Project("{2150E333-8FDC-42A3-9474-1A3956D46DE8}") = "ApiGateways", "ApiGateways", "{6138CDAA-6025-4952-8D4B-8E92986F5BC7}"
EndProject
Project("{9A19103F-16F7-4668-BE54-9A1E7A4F7556}") = "OcelotApiGw", "ApiGateways\OcelotApiGw\OcelotApiGw.csproj", "{78665C79-BC80-4023-A277-40FF3DFC2ACA}"
EndProject
Project("{FAE04EC0-301F-11D3-BF4B-00C04F79EFBC}") = "Shopping.Aggregator", "ApiGateways\Shopping.Aggregator\Shopping.Aggregator.csproj", "{9030F0FC-B31D-48D3-AFF1-8BF2D8700DB6}"
EndProject
Global
	GlobalSection(SolutionConfigurationPlatforms) = preSolution
		Debug|Any CPU = Debug|Any CPU
		Release|Any CPU = Release|Any CPU
	EndGlobalSection
	GlobalSection(ProjectConfigurationPlatforms) = postSolution
		{A369EE53-ADAA-4CDB-9ED7-D1DFDBDC6048}.Debug|Any CPU.ActiveCfg = Debug|Any CPU
		{A369EE53-ADAA-4CDB-9ED7-D1DFDBDC6048}.Debug|Any CPU.Build.0 = Debug|Any CPU
		{A369EE53-ADAA-4CDB-9ED7-D1DFDBDC6048}.Release|Any CPU.ActiveCfg = Release|Any CPU
		{A369EE53-ADAA-4CDB-9ED7-D1DFDBDC6048}.Release|Any CPU.Build.0 = Release|Any CPU
		{9777699C-C3CF-44EC-89A9-2FE6E1B2C451}.Debug|Any CPU.ActiveCfg = Debug|Any CPU
		{9777699C-C3CF-44EC-89A9-2FE6E1B2C451}.Debug|Any CPU.Build.0 = Debug|Any CPU
		{9777699C-C3CF-44EC-89A9-2FE6E1B2C451}.Release|Any CPU.ActiveCfg = Release|Any CPU
		{9777699C-C3CF-44EC-89A9-2FE6E1B2C451}.Release|Any CPU.Build.0 = Release|Any CPU
		{39892618-1D71-4F38-9502-1E29DC8BBDC0}.Debug|Any CPU.ActiveCfg = Debug|Any CPU
		{39892618-1D71-4F38-9502-1E29DC8BBDC0}.Debug|Any CPU.Build.0 = Debug|Any CPU
		{39892618-1D71-4F38-9502-1E29DC8BBDC0}.Release|Any CPU.ActiveCfg = Release|Any CPU
		{39892618-1D71-4F38-9502-1E29DC8BBDC0}.Release|Any CPU.Build.0 = Release|Any CPU
		{2F285735-1526-4DFC-9EA8-7423247059FB}.Debug|Any CPU.ActiveCfg = Debug|Any CPU
		{2F285735-1526-4DFC-9EA8-7423247059FB}.Debug|Any CPU.Build.0 = Debug|Any CPU
		{2F285735-1526-4DFC-9EA8-7423247059FB}.Release|Any CPU.ActiveCfg = Release|Any CPU
		{2F285735-1526-4DFC-9EA8-7423247059FB}.Release|Any CPU.Build.0 = Release|Any CPU
		{C87B3E2C-297E-41EE-859D-95CBE66A25FA}.Debug|Any CPU.ActiveCfg = Debug|Any CPU
		{C87B3E2C-297E-41EE-859D-95CBE66A25FA}.Debug|Any CPU.Build.0 = Debug|Any CPU
		{C87B3E2C-297E-41EE-859D-95CBE66A25FA}.Release|Any CPU.ActiveCfg = Release|Any CPU
		{C87B3E2C-297E-41EE-859D-95CBE66A25FA}.Release|Any CPU.Build.0 = Release|Any CPU
		{D6064C5F-A355-46D4-8B93-3956217A8B64}.Debug|Any CPU.ActiveCfg = Debug|Any CPU
		{D6064C5F-A355-46D4-8B93-3956217A8B64}.Debug|Any CPU.Build.0 = Debug|Any CPU
		{D6064C5F-A355-46D4-8B93-3956217A8B64}.Release|Any CPU.ActiveCfg = Release|Any CPU
		{D6064C5F-A355-46D4-8B93-3956217A8B64}.Release|Any CPU.Build.0 = Release|Any CPU
		{3CC572F6-0015-4A46-ADBA-72B834CBF025}.Debug|Any CPU.ActiveCfg = Debug|Any CPU
		{3CC572F6-0015-4A46-ADBA-72B834CBF025}.Debug|Any CPU.Build.0 = Debug|Any CPU
		{3CC572F6-0015-4A46-ADBA-72B834CBF025}.Release|Any CPU.ActiveCfg = Release|Any CPU
		{3CC572F6-0015-4A46-ADBA-72B834CBF025}.Release|Any CPU.Build.0 = Release|Any CPU
		{A718CA10-B253-4751-841C-104B63AD8180}.Debug|Any CPU.ActiveCfg = Debug|Any CPU
		{A718CA10-B253-4751-841C-104B63AD8180}.Debug|Any CPU.Build.0 = Debug|Any CPU
		{A718CA10-B253-4751-841C-104B63AD8180}.Release|Any CPU.ActiveCfg = Release|Any CPU
		{A718CA10-B253-4751-841C-104B63AD8180}.Release|Any CPU.Build.0 = Release|Any CPU
		{12AEAB1D-636E-4844-B999-B0EAA612D352}.Debug|Any CPU.ActiveCfg = Debug|Any CPU
		{12AEAB1D-636E-4844-B999-B0EAA612D352}.Debug|Any CPU.Build.0 = Debug|Any CPU
		{12AEAB1D-636E-4844-B999-B0EAA612D352}.Release|Any CPU.ActiveCfg = Release|Any CPU
		{12AEAB1D-636E-4844-B999-B0EAA612D352}.Release|Any CPU.Build.0 = Release|Any CPU
		{AEEF6591-7394-4F90-9AD0-945AF0880321}.Debug|Any CPU.ActiveCfg = Debug|Any CPU
		{AEEF6591-7394-4F90-9AD0-945AF0880321}.Debug|Any CPU.Build.0 = Debug|Any CPU
		{AEEF6591-7394-4F90-9AD0-945AF0880321}.Release|Any CPU.ActiveCfg = Release|Any CPU
		{AEEF6591-7394-4F90-9AD0-945AF0880321}.Release|Any CPU.Build.0 = Release|Any CPU
		{CB13BBC6-EFBE-4AF6-BB71-A05D3299CE2C}.Debug|Any CPU.ActiveCfg = Debug|Any CPU
		{CB13BBC6-EFBE-4AF6-BB71-A05D3299CE2C}.Debug|Any CPU.Build.0 = Debug|Any CPU
		{CB13BBC6-EFBE-4AF6-BB71-A05D3299CE2C}.Release|Any CPU.ActiveCfg = Release|Any CPU
		{CB13BBC6-EFBE-4AF6-BB71-A05D3299CE2C}.Release|Any CPU.Build.0 = Release|Any CPU
		{78665C79-BC80-4023-A277-40FF3DFC2ACA}.Debug|Any CPU.ActiveCfg = Debug|Any CPU
		{78665C79-BC80-4023-A277-40FF3DFC2ACA}.Debug|Any CPU.Build.0 = Debug|Any CPU
		{78665C79-BC80-4023-A277-40FF3DFC2ACA}.Release|Any CPU.ActiveCfg = Release|Any CPU
		{78665C79-BC80-4023-A277-40FF3DFC2ACA}.Release|Any CPU.Build.0 = Release|Any CPU
		{9030F0FC-B31D-48D3-AFF1-8BF2D8700DB6}.Debug|Any CPU.ActiveCfg = Debug|Any CPU
		{9030F0FC-B31D-48D3-AFF1-8BF2D8700DB6}.Debug|Any CPU.Build.0 = Debug|Any CPU
		{9030F0FC-B31D-48D3-AFF1-8BF2D8700DB6}.Release|Any CPU.ActiveCfg = Release|Any CPU
		{9030F0FC-B31D-48D3-AFF1-8BF2D8700DB6}.Release|Any CPU.Build.0 = Release|Any CPU
	EndGlobalSection
	GlobalSection(SolutionProperties) = preSolution
		HideSolutionNode = FALSE
	EndGlobalSection
	GlobalSection(NestedProjects) = preSolution
		{0CA39DBF-1C4D-4338-AB4B-AF30FFD1794B} = {FCE6ED84-8767-48AB-97E4-602C0BB9DE3C}
		{A369EE53-ADAA-4CDB-9ED7-D1DFDBDC6048} = {0CA39DBF-1C4D-4338-AB4B-AF30FFD1794B}
		{95C268A4-206C-42D6-9522-5BB4C4E1BCBE} = {FCE6ED84-8767-48AB-97E4-602C0BB9DE3C}
		{39892618-1D71-4F38-9502-1E29DC8BBDC0} = {95C268A4-206C-42D6-9522-5BB4C4E1BCBE}
		{4EAB6BB1-0F39-414C-A187-FCB63B1545F4} = {FCE6ED84-8767-48AB-97E4-602C0BB9DE3C}
		{2F285735-1526-4DFC-9EA8-7423247059FB} = {4EAB6BB1-0F39-414C-A187-FCB63B1545F4}
		{C87B3E2C-297E-41EE-859D-95CBE66A25FA} = {4EAB6BB1-0F39-414C-A187-FCB63B1545F4}
		{7F29A04C-7C21-4F7F-BD1F-0EADB90D08BD} = {FCE6ED84-8767-48AB-97E4-602C0BB9DE3C}
		{D6064C5F-A355-46D4-8B93-3956217A8B64} = {7F29A04C-7C21-4F7F-BD1F-0EADB90D08BD}
		{3CC572F6-0015-4A46-ADBA-72B834CBF025} = {7F29A04C-7C21-4F7F-BD1F-0EADB90D08BD}
		{A718CA10-B253-4751-841C-104B63AD8180} = {7F29A04C-7C21-4F7F-BD1F-0EADB90D08BD}
		{12AEAB1D-636E-4844-B999-B0EAA612D352} = {7F29A04C-7C21-4F7F-BD1F-0EADB90D08BD}
		{AEEF6591-7394-4F90-9AD0-945AF0880321} = {1BF389A7-C192-45C3-9A8E-53F70A44550C}
		{CB13BBC6-EFBE-4AF6-BB71-A05D3299CE2C} = {1BF389A7-C192-45C3-9A8E-53F70A44550C}
		{78665C79-BC80-4023-A277-40FF3DFC2ACA} = {6138CDAA-6025-4952-8D4B-8E92986F5BC7}
		{9030F0FC-B31D-48D3-AFF1-8BF2D8700DB6} = {6138CDAA-6025-4952-8D4B-8E92986F5BC7}
	EndGlobalSection
	GlobalSection(ExtensibilityGlobals) = postSolution
		SolutionGuid = {62245298-548F-441A-AA5A-11ED67A506FE}
	EndGlobalSection
EndGlobal
